
Microsoft Visual Studio Solution File, Format Version 12.00
# Visual Studio Version 17
VisualStudioVersion = 17.8.34330.188
MinimumVisualStudioVersion = 10.0.40219.1
Project("{FAE04EC0-301F-11D3-BF4B-00C04F79EFBC}") = "crypto_7_term", "crypto_7_term\crypto_7_term.csproj", "{CCC34A96-0C6A-4072-A7B3-36C294679017}"
EndProject
Global
	GlobalSection(SolutionConfigurationPlatforms) = preSolution
		Debug|Any CPU = Debug|Any CPU
		Release|Any CPU = Release|Any CPU
	EndGlobalSection
	GlobalSection(ProjectConfigurationPlatforms) = postSolution
		{CCC34A96-0C6A-4072-A7B3-36C294679017}.Debug|Any CPU.ActiveCfg = Debug|Any CPU
		{CCC34A96-0C6A-4072-A7B3-36C294679017}.Debug|Any CPU.Build.0 = Debug|Any CPU
		{CCC34A96-0C6A-4072-A7B3-36C294679017}.Release|Any CPU.ActiveCfg = Release|Any CPU
		{CCC34A96-0C6A-4072-A7B3-36C294679017}.Release|Any CPU.Build.0 = Release|Any CPU
	EndGlobalSection
	GlobalSection(SolutionProperties) = preSolution
		HideSolutionNode = FALSE
	EndGlobalSection
	GlobalSection(ExtensibilityGlobals) = postSolution
		SolutionGuid = {47A3262B-F377-4C14-AABF-10D8615251EC}
	EndGlobalSection
EndGlobal
